<?xml version="1.0" encoding="utf-8"?>
<Project ToolsVersion="4.0" xmlns="http://schemas.microsoft.com/developer/msbuild/2003">
  <ItemGroup>
    <Filter Include="Source Files">
      <UniqueIdentifier>{4FC737F1-C7A5-4376-A066-2A32D752A2FF}</UniqueIdentifier>
      <Extensions>cpp;c;cc;cxx;c++;cppm;ixx;def;odl;idl;hpj;bat;asm;asmx</Extensions>
    </Filter>
    <Filter Include="Header Files">
      <UniqueIdentifier>{93995380-89BD-4b04-88EB-625FBE52EBFB}</UniqueIdentifier>
      <Extensions>h;hh;hpp;hxx;h++;hm;inl;inc;ipp;xsd</Extensions>
    </Filter>
    <Filter Include="Resource Files">
      <UniqueIdentifier>{67DA6AB6-F800-4c08-8B7A-83BB121AAD01}</UniqueIdentifier>
      <Extensions>rc;ico;cur;bmp;dlg;rc2;rct;bin;rgs;gif;jpg;jpeg;jpe;resx;tiff;tif;png;wav;mfcribbon-ms</Extensions>
    </Filter>
  </ItemGroup>
  <ItemGroup>
    <ClCompile Include="strings\custom_string_class.cpp">
      <Filter>Source Files</Filter>
    </ClCompile>
    <ClCompile Include="data_structures\trees_dfs.cpp">
      <Filter>Source Files</Filter>
    </ClCompile>
    <ClCompile Include="strings\replace_characters.cpp">
      <Filter>Source Files</Filter>
    </ClCompile>
    <ClCompile Include="strings\words_counter.cpp">
      <Filter>Source Files</Filter>
    </ClCompile>
    <ClCompile Include="strings\capitalize_sentence.cpp">
      <Filter>Source Files</Filter>
    </ClCompile>
    <ClCompile Include="strings\find_replace_substr.cpp">
      <Filter>Source Files</Filter>
    </ClCompile>
    <ClCompile Include="strings\concat_strs_with_limit.cpp">
      <Filter>Source Files</Filter>
    </ClCompile>
    <ClCompile Include="strings\longest_word.cpp">
      <Filter>Source Files</Filter>
    </ClCompile>
    <ClCompile Include="strings\anagram_checker.cpp">
      <Filter>Source Files</Filter>
    </ClCompile>
    <ClCompile Include="strings\duplicate_characters.cpp">
      <Filter>Source Files</Filter>
    </ClCompile>
    <ClCompile Include="strings\caesar_cipher.cpp">
      <Filter>Source Files</Filter>
    </ClCompile>
    <ClCompile Include="games\Hangman\run_hangman.cpp">
      <Filter>Source Files</Filter>
    </ClCompile>
    <ClCompile Include="games\Hangman\HangmanGame.cpp">
      <Filter>Source Files</Filter>
    </ClCompile>
    <ClCompile Include="data_structures\Arrays\run_arrays.cpp">
      <Filter>Source Files</Filter>
    </ClCompile>
    <ClCompile Include="Interfaces\IPrintable.cpp">
      <Filter>Source Files</Filter>
    </ClCompile>
    <ClCompile Include="algorithms\search\linear_search.cpp">
      <Filter>Source Files</Filter>
    </ClCompile>
    <ClCompile Include="algorithms\sorting\selection_sort.cpp">
      <Filter>Source Files</Filter>
    </ClCompile>
    <ClCompile Include="utils.h">
      <Filter>Source Files</Filter>
    </ClCompile>
    <ClCompile Include="algorithms\sorting\insertion_sort.cpp">
      <Filter>Source Files</Filter>
    </ClCompile>
    <ClCompile Include="algorithms\search\binary_search.cpp">
      <Filter>Source Files</Filter>
    </ClCompile>
    <ClCompile Include="classes\polymorphism.cpp">
      <Filter>Source Files</Filter>
    </ClCompile>
    <ClCompile Include="multithreading\root.cpp">
      <Filter>Source Files</Filter>
    </ClCompile>
    <ClCompile Include="pointers\smart_pointers.cpp">
      <Filter>Source Files</Filter>
    </ClCompile>
    <ClCompile Include="files\io_with_files.cpp">
      <Filter>Source Files</Filter>
    </ClCompile>
    <ClCompile Include="files\string_streams.cpp">
      <Filter>Source Files</Filter>
    </ClCompile>
    <ClCompile Include="stl\maps.cpp">
      <Filter>Source Files</Filter>
    </ClCompile>
    <ClCompile Include="data_structures\LinkedLists\run_linked_lists.cpp">
      <Filter>Source Files</Filter>
    </ClCompile>
  </ItemGroup>
  <ItemGroup>
    <ClInclude Include="games\Hangman\HangmanGame.h">
      <Filter>Header Files</Filter>
    </ClInclude>
    <ClInclude Include="data_structures\Arrays\Int32Array.h">
      <Filter>Header Files</Filter>
    </ClInclude>
    <ClInclude Include="Interfaces\IPrintable.h">
      <Filter>Header Files</Filter>
    </ClInclude>
    <ClInclude Include="multithreading\ThreadGuard.h">
      <Filter>Header Files</Filter>
    </ClInclude>
    <ClInclude Include="data_structures\Utilities\Node.h">
      <Filter>Header Files</Filter>
    </ClInclude>
    <ClInclude Include="data_structures\LinkedLists\DoublyLinkedList.h">
      <Filter>Header Files</Filter>
    </ClInclude>
    <ClInclude Include="data_structures\LinkedLists\IList.h">
      <Filter>Header Files</Filter>
    </ClInclude>
  </ItemGroup>
  <ItemGroup>
    <Text Include="assets\txts\lovely-lover.txt" />
    <Text Include="assets\txts\dummy.txt" />
    <Text Include="assets\txts\dummy2.txt" />
  </ItemGroup>
</Project>